{
  "name": "MP",
  "lockfileVersion": 3,
  "requires": true,
  "packages": {
    "": {
      "dependencies": {
        "@azure/msal-browser": "^4.26.2",
        "node-cron": "^4.2.1"
      }
    },
    "node_modules/@azure/msal-browser": {
      "version": "4.26.2",
      "resolved": "https://registry.npmjs.org/@azure/msal-browser/-/msal-browser-4.26.2.tgz",
      "integrity": "sha512-F2U1mEAFsYGC5xzo1KuWc/Sy3CRglU9Ql46cDUx8x/Y3KnAIr1QAq96cIKCk/ZfnVxlvprXWRjNKoEpgLJXLhg==",
      "license": "MIT",
      "dependencies": {
        "@azure/msal-common": "15.13.2"
      },
      "engines": {
        "node": ">=0.8.0"
      }
    },
    "node_modules/@azure/msal-common": {
      "version": "15.13.2",
      "resolved": "https://registry.npmjs.org/@azure/msal-common/-/msal-common-15.13.2.tgz",
      "integrity": "sha512-cNwUoCk3FF8VQ7Ln/MdcJVIv3sF73/OT86cRH81ECsydh7F4CNfIo2OAx6Cegtg8Yv75x4506wN4q+Emo6erOA==",
      "license": "MIT",
      "engines": {
        "node": ">=0.8.0"
      }
    },
    "node_modules/node-cron": {
      "version": "4.2.1",
      "resolved": "https://registry.npmjs.org/node-cron/-/node-cron-4.2.1.tgz",
      "integrity": "sha512-lgimEHPE/QDgFlywTd8yTR61ptugX3Qer29efeyWw2rv259HtGBNn1vZVmp8lB9uo9wC0t/AT4iGqXxia+CJFg==",
      "license": "ISC",
      "engines": {
        "node": ">=6.0.0"
      }
    }
  }
}
